{
    "name": "fexer-ai",
    "version": "1.0.0",
    "lockfileVersion": 3,
    "requires": true,
    "packages": {
        "": {
            "name": "fexer-ai",
            "version": "1.0.0",
            "dependencies": {
                "@supabase/supabase-js": "^2.39.0",
                "openai": "^4.28.0"
            }
        },
        "node_modules/@supabase/functions-js": {
            "version": "2.3.1",
            "resolved": "https://registry.npmjs.org/@supabase/functions-js/-/functions-js-2.3.1.tgz",
            "integrity": "sha512-IFhzNMjI/Wh/J/bAEEVKyJXKasFHMIsRNoOqFgFwWbBSwvf7UEOxAh3SZJOB1LBPG7OIMNXVH5MhS0kuJjDw==",
            "license": "MIT"
        },
        "node_modules/@supabase/gotrue-js": {
            "version": "2.62.0",
            "resolved": "https://registry.npmjs.org/@supabase/gotrue-js/-/gotrue-js-2.62.0.tgz",
            "integrity": "sha512-GnlzGSPJpQHNbJCNSA4Z4tB0HJjPAEJvzuiKZbFLdFAj0QdDEBR/H7wl6aqzMIDDfJHFpkKPFuHdEv0AqKFg==",
            "license": "MIT"
        },
        "node_modules/@supabase/postgrest-js": {
            "version": "1.9.2",
            "resolved": "https://registry.npmjs.org/@supabase/postgrest-js/-/postgrest-js-1.9.2.tgz",
            "integrity": "sha512-OkSmvmPfMmBHvFSzFJYEtbCHlRkBRRBfIXuFBEajYVxUkqzaFpx1ZkIKcerLuvsGOoXGGJKR6Z7y/4ILZMnw==",
            "license": "MIT"
        },
        "node_modules/@supabase/realtime-js": {
            "version": "2.9.5",
            "resolved": "https://registry.npmjs.org/@supabase/realtime-js/-/realtime-js-2.9.5.tgz",
            "integrity": "sha512-4QCrMPAGJZQKfmzSXvXVKyMrKGGBnbzBV/eMNH1gnLs5hZJVRhBeHpO3d/4bpYGJnFR2xbw2Ys9A0YI8Sp7Q==",
            "license": "MIT"
        },
        "node_modules/@supabase/storage-js": {
            "version": "2.5.5",
            "resolved": "https://registry.npmjs.org/@supabase/storage-js/-/storage-js-2.5.5.tgz",
            "integrity": "sha512-OBBbKqQ4EvF6MqvEWHJJL2zYQRXEJvVFCxLZSf35w+NCWP5PzfEwjLcLhIMl8n/MUGsDsT4I9k5AKBekSg6Q==",
            "license": "MIT"
        },
        "node_modules/@supabase/supabase-js": {
            "version": "2.39.0",
            "resolved": "https://registry.npmjs.org/@supabase/supabase-js/-/supabase-js-2.39.0.tgz",
            "integrity": "sha512-4Og3kXgBhNkFQm1BalqWhc9nNj4bMxjVX8eFCCKwVh7bpFGXpjFmE9OgNHDTSaTBf2vZ1rEMgmJOJWKnAmaA==",
            "license": "MIT",
            "dependencies": {
                "@supabase/functions-js": "^2.3.1",
                "@supabase/gotrue-js": "^2.62.0",
                "@supabase/postgrest-js": "^1.9.2",
                "@supabase/realtime-js": "^2.9.5",
                "@supabase/storage-js": "^2.5.5"
            }
        },
        "node_modules/openai": {
            "version": "4.28.0",
            "resolved": "https://registry.npmjs.org/openai/-/openai-4.28.0.tgz",
            "integrity": "sha512-wFvYE7BQKM4RNaLBJdUABNjR0FMKrm5ABCP52OAgGHn1tXxZJCqpFbO2fULqyGjNGmYvznwVBEPjLFyTxpXg==",
            "license": "Apache-2.0"
        }
    }
}